
Microsoft Visual Studio Solution File, Format Version 12.00
# Visual Studio Version 16
VisualStudioVersion = 16.0.29215.179
MinimumVisualStudioVersion = 10.0.40219.1
Project("{FAE04EC0-301F-11D3-BF4B-00C04F79EFBC}") = "ejercicio1", "ejercicio1\ejercicio1.csproj", "{91432B13-8D52-4444-A937-7046D70A0BC7}"
EndProject
Global
	GlobalSection(SolutionConfigurationPlatforms) = preSolution
		Debug|Any CPU = Debug|Any CPU
		Release|Any CPU = Release|Any CPU
	EndGlobalSection
	GlobalSection(ProjectConfigurationPlatforms) = postSolution
		{91432B13-8D52-4444-A937-7046D70A0BC7}.Debug|Any CPU.ActiveCfg = Debug|Any CPU
		{91432B13-8D52-4444-A937-7046D70A0BC7}.Debug|Any CPU.Build.0 = Debug|Any CPU
		{91432B13-8D52-4444-A937-7046D70A0BC7}.Release|Any CPU.ActiveCfg = Release|Any CPU
		{91432B13-8D52-4444-A937-7046D70A0BC7}.Release|Any CPU.Build.0 = Release|Any CPU
	EndGlobalSection
	GlobalSection(SolutionProperties) = preSolution
		HideSolutionNode = FALSE
	EndGlobalSection
	GlobalSection(ExtensibilityGlobals) = postSolution
		SolutionGuid = {EB14C041-B186-4504-A017-B9CC6A264FE7}
	EndGlobalSection
EndGlobal
